
Microsoft Visual Studio Solution File, Format Version 12.00
# Visual Studio 15
VisualStudioVersion = 15.0.27130.2027
MinimumVisualStudioVersion = 10.0.40219.1
Project("{FAE04EC0-301F-11D3-BF4B-00C04F79EFBC}") = "OOPBasics.MyConsole", "OOPBasics.MyConsole\OOPBasics.MyConsole.csproj", "{DBE9E4CF-0509-43BE-9D34-695DB17C0C95}"
EndProject
Global
	GlobalSection(SolutionConfigurationPlatforms) = preSolution
		Debug|Any CPU = Debug|Any CPU
		Release|Any CPU = Release|Any CPU
	EndGlobalSection
	GlobalSection(ProjectConfigurationPlatforms) = postSolution
		{DBE9E4CF-0509-43BE-9D34-695DB17C0C95}.Debug|Any CPU.ActiveCfg = Debug|Any CPU
		{DBE9E4CF-0509-43BE-9D34-695DB17C0C95}.Debug|Any CPU.Build.0 = Debug|Any CPU
		{DBE9E4CF-0509-43BE-9D34-695DB17C0C95}.Release|Any CPU.ActiveCfg = Release|Any CPU
		{DBE9E4CF-0509-43BE-9D34-695DB17C0C95}.Release|Any CPU.Build.0 = Release|Any CPU
	EndGlobalSection
	GlobalSection(SolutionProperties) = preSolution
		HideSolutionNode = FALSE
	EndGlobalSection
	GlobalSection(ExtensibilityGlobals) = postSolution
		SolutionGuid = {2CAB2579-81C0-46F8-94D1-1684789C47C6}
	EndGlobalSection
EndGlobal
